
Microsoft Visual Studio Solution File, Format Version 12.00
# Visual Studio Version 17
VisualStudioVersion = 17.0.31903.59
MinimumVisualStudioVersion = 10.0.40219.1
Project("{FAE04EC0-301F-11D3-BF4B-00C04F79EFBC}") = "SimpleDB", "src\SimpleDB\SimpleDB.csproj", "{4B5E8A7C-4F12-4338-9B28-F51C02AAC365}"
EndProject
Project("{FAE04EC0-301F-11D3-BF4B-00C04F79EFBC}") = "Bison.CLI", "src\Bison.CLI\Bison.CLI.csproj", "{46B88C7E-EEBA-4423-B2D7-08BA44B731AE}"
EndProject
Project("{2150E333-8FDC-42A3-9474-1A3956D46DE8}") = "test", "test", "{0C88DD14-F956-CE84-757C-A364CCF449FC}"
EndProject
Project("{FAE04EC0-301F-11D3-BF4B-00C04F79EFBC}") = "Bison.CLI.Tests", "test\Bison.CLI.Tests\Bison.CLI.Tests.csproj", "{77F7F6E0-E21F-4953-8137-98D2CAFA76D4}"
EndProject
Project("{2150E333-8FDC-42A3-9474-1A3956D46DE8}") = "src", "src", "{827E0CD3-B72D-47B6-A68D-7590B98EB39B}"
EndProject
Project("{FAE04EC0-301F-11D3-BF4B-00C04F79EFBC}") = "SimpleDB.Tests", "test\SimpleDB.Tests\SimpleDB.Tests.csproj", "{5F622827-7112-4E4A-B7D7-2644DBB0E891}"
EndProject
Global
	GlobalSection(SolutionConfigurationPlatforms) = preSolution
		Debug|Any CPU = Debug|Any CPU
		Debug|x64 = Debug|x64
		Debug|x86 = Debug|x86
		Release|Any CPU = Release|Any CPU
		Release|x64 = Release|x64
		Release|x86 = Release|x86
	EndGlobalSection
	GlobalSection(ProjectConfigurationPlatforms) = postSolution
		{4B5E8A7C-4F12-4338-9B28-F51C02AAC365}.Debug|Any CPU.ActiveCfg = Debug|Any CPU
		{4B5E8A7C-4F12-4338-9B28-F51C02AAC365}.Debug|Any CPU.Build.0 = Debug|Any CPU
		{4B5E8A7C-4F12-4338-9B28-F51C02AAC365}.Debug|x64.ActiveCfg = Debug|Any CPU
		{4B5E8A7C-4F12-4338-9B28-F51C02AAC365}.Debug|x64.Build.0 = Debug|Any CPU
		{4B5E8A7C-4F12-4338-9B28-F51C02AAC365}.Debug|x86.ActiveCfg = Debug|Any CPU
		{4B5E8A7C-4F12-4338-9B28-F51C02AAC365}.Debug|x86.Build.0 = Debug|Any CPU
		{4B5E8A7C-4F12-4338-9B28-F51C02AAC365}.Release|Any CPU.ActiveCfg = Release|Any CPU
		{4B5E8A7C-4F12-4338-9B28-F51C02AAC365}.Release|Any CPU.Build.0 = Release|Any CPU
		{4B5E8A7C-4F12-4338-9B28-F51C02AAC365}.Release|x64.ActiveCfg = Release|Any CPU
		{4B5E8A7C-4F12-4338-9B28-F51C02AAC365}.Release|x64.Build.0 = Release|Any CPU
		{4B5E8A7C-4F12-4338-9B28-F51C02AAC365}.Release|x86.ActiveCfg = Release|Any CPU
		{4B5E8A7C-4F12-4338-9B28-F51C02AAC365}.Release|x86.Build.0 = Release|Any CPU
		{46B88C7E-EEBA-4423-B2D7-08BA44B731AE}.Debug|Any CPU.ActiveCfg = Debug|Any CPU
		{46B88C7E-EEBA-4423-B2D7-08BA44B731AE}.Debug|Any CPU.Build.0 = Debug|Any CPU
		{46B88C7E-EEBA-4423-B2D7-08BA44B731AE}.Debug|x64.ActiveCfg = Debug|Any CPU
		{46B88C7E-EEBA-4423-B2D7-08BA44B731AE}.Debug|x64.Build.0 = Debug|Any CPU
		{46B88C7E-EEBA-4423-B2D7-08BA44B731AE}.Debug|x86.ActiveCfg = Debug|Any CPU
		{46B88C7E-EEBA-4423-B2D7-08BA44B731AE}.Debug|x86.Build.0 = Debug|Any CPU
		{46B88C7E-EEBA-4423-B2D7-08BA44B731AE}.Release|Any CPU.ActiveCfg = Release|Any CPU
		{46B88C7E-EEBA-4423-B2D7-08BA44B731AE}.Release|Any CPU.Build.0 = Release|Any CPU
		{46B88C7E-EEBA-4423-B2D7-08BA44B731AE}.Release|x64.ActiveCfg = Release|Any CPU
		{46B88C7E-EEBA-4423-B2D7-08BA44B731AE}.Release|x64.Build.0 = Release|Any CPU
		{46B88C7E-EEBA-4423-B2D7-08BA44B731AE}.Release|x86.ActiveCfg = Release|Any CPU
		{46B88C7E-EEBA-4423-B2D7-08BA44B731AE}.Release|x86.Build.0 = Release|Any CPU
		{77F7F6E0-E21F-4953-8137-98D2CAFA76D4}.Debug|Any CPU.ActiveCfg = Debug|Any CPU
		{77F7F6E0-E21F-4953-8137-98D2CAFA76D4}.Debug|Any CPU.Build.0 = Debug|Any CPU
		{77F7F6E0-E21F-4953-8137-98D2CAFA76D4}.Debug|x64.ActiveCfg = Debug|Any CPU
		{77F7F6E0-E21F-4953-8137-98D2CAFA76D4}.Debug|x64.Build.0 = Debug|Any CPU
		{77F7F6E0-E21F-4953-8137-98D2CAFA76D4}.Debug|x86.ActiveCfg = Debug|Any CPU
		{77F7F6E0-E21F-4953-8137-98D2CAFA76D4}.Debug|x86.Build.0 = Debug|Any CPU
		{77F7F6E0-E21F-4953-8137-98D2CAFA76D4}.Release|Any CPU.ActiveCfg = Release|Any CPU
		{77F7F6E0-E21F-4953-8137-98D2CAFA76D4}.Release|Any CPU.Build.0 = Release|Any CPU
		{77F7F6E0-E21F-4953-8137-98D2CAFA76D4}.Release|x64.ActiveCfg = Release|Any CPU
		{77F7F6E0-E21F-4953-8137-98D2CAFA76D4}.Release|x64.Build.0 = Release|Any CPU
		{77F7F6E0-E21F-4953-8137-98D2CAFA76D4}.Release|x86.ActiveCfg = Release|Any CPU
		{77F7F6E0-E21F-4953-8137-98D2CAFA76D4}.Release|x86.Build.0 = Release|Any CPU
		{5F622827-7112-4E4A-B7D7-2644DBB0E891}.Debug|Any CPU.ActiveCfg = Debug|Any CPU
		{5F622827-7112-4E4A-B7D7-2644DBB0E891}.Debug|Any CPU.Build.0 = Debug|Any CPU
		{5F622827-7112-4E4A-B7D7-2644DBB0E891}.Debug|x64.ActiveCfg = Debug|Any CPU
		{5F622827-7112-4E4A-B7D7-2644DBB0E891}.Debug|x64.Build.0 = Debug|Any CPU
		{5F622827-7112-4E4A-B7D7-2644DBB0E891}.Debug|x86.ActiveCfg = Debug|Any CPU
		{5F622827-7112-4E4A-B7D7-2644DBB0E891}.Debug|x86.Build.0 = Debug|Any CPU
		{5F622827-7112-4E4A-B7D7-2644DBB0E891}.Release|Any CPU.ActiveCfg = Release|Any CPU
		{5F622827-7112-4E4A-B7D7-2644DBB0E891}.Release|Any CPU.Build.0 = Release|Any CPU
		{5F622827-7112-4E4A-B7D7-2644DBB0E891}.Release|x64.ActiveCfg = Release|Any CPU
		{5F622827-7112-4E4A-B7D7-2644DBB0E891}.Release|x64.Build.0 = Release|Any CPU
		{5F622827-7112-4E4A-B7D7-2644DBB0E891}.Release|x86.ActiveCfg = Release|Any CPU
		{5F622827-7112-4E4A-B7D7-2644DBB0E891}.Release|x86.Build.0 = Release|Any CPU
	EndGlobalSection
	GlobalSection(SolutionProperties) = preSolution
		HideSolutionNode = FALSE
	EndGlobalSection
	GlobalSection(NestedProjects) = preSolution
		{77F7F6E0-E21F-4953-8137-98D2CAFA76D4} = {0C88DD14-F956-CE84-757C-A364CCF449FC}
		{5F622827-7112-4E4A-B7D7-2644DBB0E891} = {0C88DD14-F956-CE84-757C-A364CCF449FC}
	EndGlobalSection
EndGlobal
